
Microsoft Visual Studio Solution File, Format Version 12.00
# Visual Studio Version 17
VisualStudioVersion = 17.1.32407.343
MinimumVisualStudioVersion = 10.0.40219.1
Project("{FAE04EC0-301F-11D3-BF4B-00C04F79EFBC}") = "CROSS_Task2", "CROSS_Task2.csproj", "{BAB5C0F4-CF05-43B0-B5E9-64EA08EE6C6D}"
EndProject
Global
	GlobalSection(SolutionConfigurationPlatforms) = preSolution
		Debug|Any CPU = Debug|Any CPU
		Release|Any CPU = Release|Any CPU
	EndGlobalSection
	GlobalSection(ProjectConfigurationPlatforms) = postSolution
		{BAB5C0F4-CF05-43B0-B5E9-64EA08EE6C6D}.Debug|Any CPU.ActiveCfg = Debug|Any CPU
		{BAB5C0F4-CF05-43B0-B5E9-64EA08EE6C6D}.Debug|Any CPU.Build.0 = Debug|Any CPU
		{BAB5C0F4-CF05-43B0-B5E9-64EA08EE6C6D}.Release|Any CPU.ActiveCfg = Release|Any CPU
		{BAB5C0F4-CF05-43B0-B5E9-64EA08EE6C6D}.Release|Any CPU.Build.0 = Release|Any CPU
	EndGlobalSection
	GlobalSection(SolutionProperties) = preSolution
		HideSolutionNode = FALSE
	EndGlobalSection
	GlobalSection(ExtensibilityGlobals) = postSolution
		SolutionGuid = {C0337E3F-B189-4F1B-9542-7FF30C0687FF}
	EndGlobalSection
EndGlobal
